
Microsoft Visual Studio Solution File, Format Version 12.00
# Visual Studio Version 17
VisualStudioVersion = 17.11.35222.181
MinimumVisualStudioVersion = 10.0.40219.1
Project("{FAE04EC0-301F-11D3-BF4B-00C04F79EFBC}") = "inf_prot", "inf_prot\inf_prot.csproj", "{C9F2FB88-6434-4724-9AB6-A3558EE0C24B}"
EndProject
Global
	GlobalSection(SolutionConfigurationPlatforms) = preSolution
		Debug|Any CPU = Debug|Any CPU
		Release|Any CPU = Release|Any CPU
	EndGlobalSection
	GlobalSection(ProjectConfigurationPlatforms) = postSolution
		{C9F2FB88-6434-4724-9AB6-A3558EE0C24B}.Debug|Any CPU.ActiveCfg = Debug|Any CPU
		{C9F2FB88-6434-4724-9AB6-A3558EE0C24B}.Debug|Any CPU.Build.0 = Debug|Any CPU
		{C9F2FB88-6434-4724-9AB6-A3558EE0C24B}.Release|Any CPU.ActiveCfg = Release|Any CPU
		{C9F2FB88-6434-4724-9AB6-A3558EE0C24B}.Release|Any CPU.Build.0 = Release|Any CPU
	EndGlobalSection
	GlobalSection(SolutionProperties) = preSolution
		HideSolutionNode = FALSE
	EndGlobalSection
	GlobalSection(ExtensibilityGlobals) = postSolution
		SolutionGuid = {F134ED0E-A21F-4D50-87E4-2AADA992B1B4}
	EndGlobalSection
EndGlobal
